
Microsoft Visual Studio Solution File, Format Version 12.00
# Visual Studio Version 17
VisualStudioVersion = 17.10.35122.118
MinimumVisualStudioVersion = 10.0.40219.1
Project("{FAE04EC0-301F-11D3-BF4B-00C04F79EFBC}") = "perpustakaan", "perpustakaan\perpustakaan.csproj", "{2C4B6D81-A54C-4E33-B52A-B0FE4CB714A7}"
EndProject
Global
	GlobalSection(SolutionConfigurationPlatforms) = preSolution
		Debug|Any CPU = Debug|Any CPU
		Release|Any CPU = Release|Any CPU
	EndGlobalSection
	GlobalSection(ProjectConfigurationPlatforms) = postSolution
		{2C4B6D81-A54C-4E33-B52A-B0FE4CB714A7}.Debug|Any CPU.ActiveCfg = Debug|Any CPU
		{2C4B6D81-A54C-4E33-B52A-B0FE4CB714A7}.Debug|Any CPU.Build.0 = Debug|Any CPU
		{2C4B6D81-A54C-4E33-B52A-B0FE4CB714A7}.Release|Any CPU.ActiveCfg = Release|Any CPU
		{2C4B6D81-A54C-4E33-B52A-B0FE4CB714A7}.Release|Any CPU.Build.0 = Release|Any CPU
	EndGlobalSection
	GlobalSection(SolutionProperties) = preSolution
		HideSolutionNode = FALSE
	EndGlobalSection
	GlobalSection(ExtensibilityGlobals) = postSolution
		SolutionGuid = {40C40FF4-F8E2-480C-831B-0CFD9DF0B290}
	EndGlobalSection
EndGlobal
